// !$*UTF8*$!
{
	archiveVersion = 1;
	classes = {
	};
	objectVersion = 51;
	objects = {

/* Begin PBXBuildFile section */
		6E76EAF0261B937500DCF8C9 /* Constrainable.swift in Sources */ = {isa = PBXBuildFile; fileRef = 6E76EAEF261B937500DCF8C9 /* Constrainable.swift */; };
		6E76EAF4261B93D500DCF8C9 /* UILayoutPriority.swift in Sources */ = {isa = PBXBuildFile; fileRef = 6E76EAF3261B93D500DCF8C9 /* UILayoutPriority.swift */; };
		6E76EAF8261B949A00DCF8C9 /* SafeLayoutGuide.swift in Sources */ = {isa = PBXBuildFile; fileRef = 6E76EAF7261B949A00DCF8C9 /* SafeLayoutGuide.swift */; };
		6E76EAFC261B95C400DCF8C9 /* UIWindow+Extension.swift in Sources */ = {isa = PBXBuildFile; fileRef = 6E76EAFB261B95C400DCF8C9 /* UIWindow+Extension.swift */; };
		6EBA7505261863F600C1F18D /* AppDelegate.swift in Sources */ = {isa = PBXBuildFile; fileRef = 6EBA7504261863F600C1F18D /* AppDelegate.swift */; };
		6EBA7507261863F600C1F18D /* SceneDelegate.swift in Sources */ = {isa = PBXBuildFile; fileRef = 6EBA7506261863F600C1F18D /* SceneDelegate.swift */; };
		6EBA7509261863F600C1F18D /* PixelSheetController.swift in Sources */ = {isa = PBXBuildFile; fileRef = 6EBA7508261863F600C1F18D /* PixelSheetController.swift */; };
		6EBA750E261863F700C1F18D /* Assets.xcassets in Resources */ = {isa = PBXBuildFile; fileRef = 6EBA750D261863F700C1F18D /* Assets.xcassets */; };
		6EBA7511261863F700C1F18D /* LaunchScreen.storyboard in Resources */ = {isa = PBXBuildFile; fileRef = 6EBA750F261863F700C1F18D /* LaunchScreen.storyboard */; };
		6EC118662621B53300212203 /* Consts.swift in Sources */ = {isa = PBXBuildFile; fileRef = 6EC118652621B53300212203 /* Consts.swift */; };
		6EC1186E2621EEB000212203 /* PixelSheetCell.swift in Sources */ = {isa = PBXBuildFile; fileRef = 6EC1186D2621EEB000212203 /* PixelSheetCell.swift */; };
		6EC1187526222D9100212203 /* Day.swift in Sources */ = {isa = PBXBuildFile; fileRef = 6EC1187426222D9100212203 /* Day.swift */; };
		6EC118792622FACC00212203 /* Header.swift in Sources */ = {isa = PBXBuildFile; fileRef = 6EC118782622FACC00212203 /* Header.swift */; };
		6EC1187D2623182000212203 /* BasicButton.swift in Sources */ = {isa = PBXBuildFile; fileRef = 6EC1187C2623182000212203 /* BasicButton.swift */; };
		6EC1188026231E2400212203 /* Delegated.swift in Sources */ = {isa = PBXBuildFile; fileRef = 6EC1187F26231E2400212203 /* Delegated.swift */; };
		6EC1188326233F6D00212203 /* TextButton.swift in Sources */ = {isa = PBXBuildFile; fileRef = 6EC1188226233F6D00212203 /* TextButton.swift */; };
		6EC118862623446300212203 /* Label.swift in Sources */ = {isa = PBXBuildFile; fileRef = 6EC118852623446300212203 /* Label.swift */; };
		6EC11889262346C400212203 /* Button.swift in Sources */ = {isa = PBXBuildFile; fileRef = 6EC11888262346C400212203 /* Button.swift */; };
		6EC1188E26234B8A00212203 /* Rubik-Medium.ttf in Resources */ = {isa = PBXBuildFile; fileRef = 6EC1188C26234B2A00212203 /* Rubik-Medium.ttf */; };
		6EC1189026234B8C00212203 /* Rubik-Regular.ttf in Resources */ = {isa = PBXBuildFile; fileRef = 6EC1188D26234B4400212203 /* Rubik-Regular.ttf */; };
		6EC1189326234E7700212203 /* UIFont+Extension.swift in Sources */ = {isa = PBXBuildFile; fileRef = 6EC1189226234E7700212203 /* UIFont+Extension.swift */; };
		6EC118A12623664F00212203 /* Neu.swift in Sources */ = {isa = PBXBuildFile; fileRef = 6EC118A02623664F00212203 /* Neu.swift */; };
		6EF8EA15261A1E4E009FA21B /* PixelSheetLayout.swift in Sources */ = {isa = PBXBuildFile; fileRef = 6EF8EA14261A1E4E009FA21B /* PixelSheetLayout.swift */; };
		6EF8EA1A261A228D009FA21B /* Layout.swift in Sources */ = {isa = PBXBuildFile; fileRef = 6EF8EA19261A228D009FA21B /* Layout.swift */; };
		6EF8EA1E261A2651009FA21B /* PixelDayView.swift in Sources */ = {isa = PBXBuildFile; fileRef = 6EF8EA1D261A2651009FA21B /* PixelDayView.swift */; };
		6EF8EA23261A27F8009FA21B /* UIColor+Extension.swift in Sources */ = {isa = PBXBuildFile; fileRef = 6EF8EA22261A27F8009FA21B /* UIColor+Extension.swift */; };
		6EF8EA26261A2D8C009FA21B /* UIView+Anchors.swift in Sources */ = {isa = PBXBuildFile; fileRef = 6EF8EA25261A2D8C009FA21B /* UIView+Anchors.swift */; };
		6EF8EA29261A2E38009FA21B /* ConstraintItems.swift in Sources */ = {isa = PBXBuildFile; fileRef = 6EF8EA28261A2E38009FA21B /* ConstraintItems.swift */; };
		7A2DDC8726346149009976EF /* DayMenuLayout.swift in Sources */ = {isa = PBXBuildFile; fileRef = 7A2DDC8626346149009976EF /* DayMenuLayout.swift */; };
		7A2DDC8A26346155009976EF /* DayMenuController.swift in Sources */ = {isa = PBXBuildFile; fileRef = 7A2DDC8926346155009976EF /* DayMenuController.swift */; };
		7A2DDC8D26346D63009976EF /* ColorInfoItem.swift in Sources */ = {isa = PBXBuildFile; fileRef = 7A2DDC8C26346D63009976EF /* ColorInfoItem.swift */; };
		7A55C594262C951B0013865E /* Year.swift in Sources */ = {isa = PBXBuildFile; fileRef = 7A55C593262C951B0013865E /* Year.swift */; };
		7A8DA45C26403A7700268578 /* DayMenuDelegate.swift in Sources */ = {isa = PBXBuildFile; fileRef = 7A8DA45B26403A7700268578 /* DayMenuDelegate.swift */; };
		7A8DA45E2640794B00268578 /* UITextView+Extension.swift in Sources */ = {isa = PBXBuildFile; fileRef = 7A8DA45D2640794B00268578 /* UITextView+Extension.swift */; };
		7ACE6C222642FFD70051A5EB /* DottedDayView.swift in Sources */ = {isa = PBXBuildFile; fileRef = 7ACE6C212642FFD70051A5EB /* DottedDayView.swift */; };
		7AE1E56926357A9B00E4E9B2 /* Localizable.strings in Resources */ = {isa = PBXBuildFile; fileRef = 7AE1E56B26357A9B00E4E9B2 /* Localizable.strings */; };
		7AE1E56F2635821100E4E9B2 /* String+Extension.swift in Sources */ = {isa = PBXBuildFile; fileRef = 7AE1E56E2635821100E4E9B2 /* String+Extension.swift */; };
		7AE1E5802635BC8900E4E9B2 /* KeyBoardCloser.swift in Sources */ = {isa = PBXBuildFile; fileRef = 7AE1E57F2635BC8900E4E9B2 /* KeyBoardCloser.swift */; };
		7AE1E5842635CDD700E4E9B2 /* NoteTableViewCell.swift in Sources */ = {isa = PBXBuildFile; fileRef = 7AE1E5832635CDD700E4E9B2 /* NoteTableViewCell.swift */; };
		97EC820B2BD7BC8E9E6880DF /* Pods_PixelFlow.framework in Frameworks */ = {isa = PBXBuildFile; fileRef = 51B4ABA671B44E4626CF4FBA /* Pods_PixelFlow.framework */; };
/* End PBXBuildFile section */

/* Begin PBXFileReference section */
		51B4ABA671B44E4626CF4FBA /* Pods_PixelFlow.framework */ = {isa = PBXFileReference; explicitFileType = wrapper.framework; includeInIndex = 0; path = Pods_PixelFlow.framework; sourceTree = BUILT_PRODUCTS_DIR; };
		6E76EAEF261B937500DCF8C9 /* Constrainable.swift */ = {isa = PBXFileReference; lastKnownFileType = sourcecode.swift; path = Constrainable.swift; sourceTree = "<group>"; };
		6E76EAF3261B93D500DCF8C9 /* UILayoutPriority.swift */ = {isa = PBXFileReference; lastKnownFileType = sourcecode.swift; path = UILayoutPriority.swift; sourceTree = "<group>"; };
		6E76EAF7261B949A00DCF8C9 /* SafeLayoutGuide.swift */ = {isa = PBXFileReference; lastKnownFileType = sourcecode.swift; path = SafeLayoutGuide.swift; sourceTree = "<group>"; };
		6E76EAFB261B95C400DCF8C9 /* UIWindow+Extension.swift */ = {isa = PBXFileReference; lastKnownFileType = sourcecode.swift; path = "UIWindow+Extension.swift"; sourceTree = "<group>"; };
		6EBA7501261863F600C1F18D /* PixelFlow.app */ = {isa = PBXFileReference; explicitFileType = wrapper.application; includeInIndex = 0; path = PixelFlow.app; sourceTree = BUILT_PRODUCTS_DIR; };
		6EBA7504261863F600C1F18D /* AppDelegate.swift */ = {isa = PBXFileReference; lastKnownFileType = sourcecode.swift; path = AppDelegate.swift; sourceTree = "<group>"; };
		6EBA7506261863F600C1F18D /* SceneDelegate.swift */ = {isa = PBXFileReference; lastKnownFileType = sourcecode.swift; path = SceneDelegate.swift; sourceTree = "<group>"; };
		6EBA7508261863F600C1F18D /* PixelSheetController.swift */ = {isa = PBXFileReference; lastKnownFileType = sourcecode.swift; path = PixelSheetController.swift; sourceTree = "<group>"; };
		6EBA750D261863F700C1F18D /* Assets.xcassets */ = {isa = PBXFileReference; lastKnownFileType = folder.assetcatalog; path = Assets.xcassets; sourceTree = "<group>"; };
		6EBA7512261863F700C1F18D /* Info.plist */ = {isa = PBXFileReference; lastKnownFileType = text.plist.xml; path = Info.plist; sourceTree = "<group>"; };
		6EC118652621B53300212203 /* Consts.swift */ = {isa = PBXFileReference; lastKnownFileType = sourcecode.swift; path = Consts.swift; sourceTree = "<group>"; };
		6EC1186D2621EEB000212203 /* PixelSheetCell.swift */ = {isa = PBXFileReference; lastKnownFileType = sourcecode.swift; path = PixelSheetCell.swift; sourceTree = "<group>"; };
		6EC1187426222D9100212203 /* Day.swift */ = {isa = PBXFileReference; lastKnownFileType = sourcecode.swift; path = Day.swift; sourceTree = "<group>"; };
		6EC118782622FACC00212203 /* Header.swift */ = {isa = PBXFileReference; lastKnownFileType = sourcecode.swift; path = Header.swift; sourceTree = "<group>"; };
		6EC1187C2623182000212203 /* BasicButton.swift */ = {isa = PBXFileReference; lastKnownFileType = sourcecode.swift; path = BasicButton.swift; sourceTree = "<group>"; };
		6EC1187F26231E2400212203 /* Delegated.swift */ = {isa = PBXFileReference; lastKnownFileType = sourcecode.swift; path = Delegated.swift; sourceTree = "<group>"; };
		6EC1188226233F6D00212203 /* TextButton.swift */ = {isa = PBXFileReference; lastKnownFileType = sourcecode.swift; path = TextButton.swift; sourceTree = "<group>"; };
		6EC118852623446300212203 /* Label.swift */ = {isa = PBXFileReference; lastKnownFileType = sourcecode.swift; path = Label.swift; sourceTree = "<group>"; };
		6EC11888262346C400212203 /* Button.swift */ = {isa = PBXFileReference; lastKnownFileType = sourcecode.swift; path = Button.swift; sourceTree = "<group>"; };
		6EC1188C26234B2A00212203 /* Rubik-Medium.ttf */ = {isa = PBXFileReference; lastKnownFileType = file; path = "Rubik-Medium.ttf"; sourceTree = "<group>"; };
		6EC1188D26234B4400212203 /* Rubik-Regular.ttf */ = {isa = PBXFileReference; lastKnownFileType = file; path = "Rubik-Regular.ttf"; sourceTree = "<group>"; };
		6EC1189226234E7700212203 /* UIFont+Extension.swift */ = {isa = PBXFileReference; lastKnownFileType = sourcecode.swift; path = "UIFont+Extension.swift"; sourceTree = "<group>"; };
		6EC118A02623664F00212203 /* Neu.swift */ = {isa = PBXFileReference; lastKnownFileType = sourcecode.swift; path = Neu.swift; sourceTree = "<group>"; };
		6EF8EA14261A1E4E009FA21B /* PixelSheetLayout.swift */ = {isa = PBXFileReference; lastKnownFileType = sourcecode.swift; path = PixelSheetLayout.swift; sourceTree = "<group>"; };
		6EF8EA19261A228D009FA21B /* Layout.swift */ = {isa = PBXFileReference; lastKnownFileType = sourcecode.swift; path = Layout.swift; sourceTree = "<group>"; };
		6EF8EA1D261A2651009FA21B /* PixelDayView.swift */ = {isa = PBXFileReference; lastKnownFileType = sourcecode.swift; path = PixelDayView.swift; sourceTree = "<group>"; };
		6EF8EA22261A27F8009FA21B /* UIColor+Extension.swift */ = {isa = PBXFileReference; lastKnownFileType = sourcecode.swift; path = "UIColor+Extension.swift"; sourceTree = "<group>"; };
		6EF8EA25261A2D8C009FA21B /* UIView+Anchors.swift */ = {isa = PBXFileReference; lastKnownFileType = sourcecode.swift; path = "UIView+Anchors.swift"; sourceTree = "<group>"; };
		6EF8EA28261A2E38009FA21B /* ConstraintItems.swift */ = {isa = PBXFileReference; lastKnownFileType = sourcecode.swift; path = ConstraintItems.swift; sourceTree = "<group>"; };
		7A2DDC8626346149009976EF /* DayMenuLayout.swift */ = {isa = PBXFileReference; lastKnownFileType = sourcecode.swift; path = DayMenuLayout.swift; sourceTree = "<group>"; };
		7A2DDC8926346155009976EF /* DayMenuController.swift */ = {isa = PBXFileReference; lastKnownFileType = sourcecode.swift; path = DayMenuController.swift; sourceTree = "<group>"; };
		7A2DDC8C26346D63009976EF /* ColorInfoItem.swift */ = {isa = PBXFileReference; lastKnownFileType = sourcecode.swift; path = ColorInfoItem.swift; sourceTree = "<group>"; };
		7A55C593262C951B0013865E /* Year.swift */ = {isa = PBXFileReference; lastKnownFileType = sourcecode.swift; path = Year.swift; sourceTree = "<group>"; };
		7A8DA45B26403A7700268578 /* DayMenuDelegate.swift */ = {isa = PBXFileReference; lastKnownFileType = sourcecode.swift; path = DayMenuDelegate.swift; sourceTree = "<group>"; };
		7A8DA45D2640794B00268578 /* UITextView+Extension.swift */ = {isa = PBXFileReference; lastKnownFileType = sourcecode.swift; path = "UITextView+Extension.swift"; sourceTree = "<group>"; };
		7ACE6C212642FFD70051A5EB /* DottedDayView.swift */ = {isa = PBXFileReference; lastKnownFileType = sourcecode.swift; path = DottedDayView.swift; sourceTree = "<group>"; };
		7AE1E5662635799A00E4E9B2 /* ru */ = {isa = PBXFileReference; lastKnownFileType = file.storyboard; name = ru; path = ru.lproj/LaunchScreen.storyboard; sourceTree = "<group>"; };
		7AE1E56A26357A9B00E4E9B2 /* ru */ = {isa = PBXFileReference; lastKnownFileType = text.plist.strings; name = ru; path = ru.lproj/Localizable.strings; sourceTree = "<group>"; };
		7AE1E56D26357AA000E4E9B2 /* en */ = {isa = PBXFileReference; lastKnownFileType = text.plist.strings; name = en; path = en.lproj/Localizable.strings; sourceTree = "<group>"; };
		7AE1E56E2635821100E4E9B2 /* String+Extension.swift */ = {isa = PBXFileReference; lastKnownFileType = sourcecode.swift; path = "String+Extension.swift"; sourceTree = "<group>"; };
		7AE1E57F2635BC8900E4E9B2 /* KeyBoardCloser.swift */ = {isa = PBXFileReference; lastKnownFileType = sourcecode.swift; path = KeyBoardCloser.swift; sourceTree = "<group>"; };
		7AE1E5832635CDD700E4E9B2 /* NoteTableViewCell.swift */ = {isa = PBXFileReference; lastKnownFileType = sourcecode.swift; path = NoteTableViewCell.swift; sourceTree = "<group>"; };
		A51B7406CC81603F271AA5E5 /* Pods-PixelFlow.debug.xcconfig */ = {isa = PBXFileReference; includeInIndex = 1; lastKnownFileType = text.xcconfig; name = "Pods-PixelFlow.debug.xcconfig"; path = "Target Support Files/Pods-PixelFlow/Pods-PixelFlow.debug.xcconfig"; sourceTree = "<group>"; };
		BC926B551DDC3B56BA60F45B /* Pods-PixelFlow.release.xcconfig */ = {isa = PBXFileReference; includeInIndex = 1; lastKnownFileType = text.xcconfig; name = "Pods-PixelFlow.release.xcconfig"; path = "Target Support Files/Pods-PixelFlow/Pods-PixelFlow.release.xcconfig"; sourceTree = "<group>"; };
/* End PBXFileReference section */

/* Begin PBXFrameworksBuildPhase section */
		6EBA74FE261863F600C1F18D /* Frameworks */ = {
			isa = PBXFrameworksBuildPhase;
			buildActionMask = 2147483647;
			files = (
				97EC820B2BD7BC8E9E6880DF /* Pods_PixelFlow.framework in Frameworks */,
			);
			runOnlyForDeploymentPostprocessing = 0;
		};
/* End PBXFrameworksBuildPhase section */

/* Begin PBXGroup section */
		04EE33ABC164C1A5F19A5300 /* Pods */ = {
			isa = PBXGroup;
			children = (
				A51B7406CC81603F271AA5E5 /* Pods-PixelFlow.debug.xcconfig */,
				BC926B551DDC3B56BA60F45B /* Pods-PixelFlow.release.xcconfig */,
			);
			path = Pods;
			sourceTree = "<group>";
		};
		6EBA74F8261863F600C1F18D = {
			isa = PBXGroup;
			children = (
				6EBA7503261863F600C1F18D /* PixelFlow */,
				6EBA7502261863F600C1F18D /* Products */,
				04EE33ABC164C1A5F19A5300 /* Pods */,
				A9E7330A003BEFD3BEC552E2 /* Frameworks */,
			);
			sourceTree = "<group>";
		};
		6EBA7502261863F600C1F18D /* Products */ = {
			isa = PBXGroup;
			children = (
				6EBA7501261863F600C1F18D /* PixelFlow.app */,
			);
			name = Products;
			sourceTree = "<group>";
		};
		6EBA7503261863F600C1F18D /* PixelFlow */ = {
			isa = PBXGroup;
			children = (
				6EF8EA12261A1DA7009FA21B /* App */,
				6EF8EA17261A2247009FA21B /* UI */,
				6EC1187326222D6100212203 /* Entity */,
				7AE1E56B26357A9B00E4E9B2 /* Localizable.strings */,
			);
			path = PixelFlow;
			sourceTree = "<group>";
		};
		6EC1186C2621ED4B00212203 /* CalendarHeader */ = {
			isa = PBXGroup;
			children = (
				6EC118782622FACC00212203 /* Header.swift */,
			);
			path = CalendarHeader;
			sourceTree = "<group>";
		};
		6EC1187326222D6100212203 /* Entity */ = {
			isa = PBXGroup;
			children = (
				6EC1187426222D9100212203 /* Day.swift */,
				7A55C593262C951B0013865E /* Year.swift */,
			);
			path = Entity;
			sourceTree = "<group>";
		};
		6EC1187B2623046100212203 /* Button */ = {
			isa = PBXGroup;
			children = (
				6EC1187C2623182000212203 /* BasicButton.swift */,
				6EC1188226233F6D00212203 /* TextButton.swift */,
				6EC11888262346C400212203 /* Button.swift */,
				6EC118A02623664F00212203 /* Neu.swift */,
			);
			path = Button;
			sourceTree = "<group>";
		};
		6EC1188B26234AD200212203 /* Fonts */ = {
			isa = PBXGroup;
			children = (
				6EC1188C26234B2A00212203 /* Rubik-Medium.ttf */,
				6EC1188D26234B4400212203 /* Rubik-Regular.ttf */,
				6EC1189226234E7700212203 /* UIFont+Extension.swift */,
			);
			path = Fonts;
			sourceTree = "<group>";
		};
		6EF8EA11261A1D94009FA21B /* PixelSheet */ = {
			isa = PBXGroup;
			children = (
				6EC1186C2621ED4B00212203 /* CalendarHeader */,
				7A2DDC852634613A009976EF /* DayMenu */,
				6EF8EA14261A1E4E009FA21B /* PixelSheetLayout.swift */,
				6EBA7508261863F600C1F18D /* PixelSheetController.swift */,
				6EC1186D2621EEB000212203 /* PixelSheetCell.swift */,
			);
			path = PixelSheet;
			sourceTree = "<group>";
		};
		6EF8EA12261A1DA7009FA21B /* App */ = {
			isa = PBXGroup;
			children = (
				6EBA7512261863F700C1F18D /* Info.plist */,
				6EBA7504261863F600C1F18D /* AppDelegate.swift */,
				6EBA7506261863F600C1F18D /* SceneDelegate.swift */,
			);
			path = App;
			sourceTree = "<group>";
		};
		6EF8EA13261A1DD4009FA21B /* Resourses */ = {
			isa = PBXGroup;
			children = (
				6EC1188B26234AD200212203 /* Fonts */,
				6EBA750D261863F700C1F18D /* Assets.xcassets */,
				6EBA750F261863F700C1F18D /* LaunchScreen.storyboard */,
			);
			path = Resourses;
			sourceTree = "<group>";
		};
		6EF8EA17261A2247009FA21B /* UI */ = {
			isa = PBXGroup;
			children = (
				6EF8EA13261A1DD4009FA21B /* Resourses */,
				6EF8EA18261A224F009FA21B /* Shared */,
				6EF8EA1C261A2639009FA21B /* Components */,
				6EF8EA11261A1D94009FA21B /* PixelSheet */,
				7AFFCA77264480CE004DA7AF /* MainMenu */,
			);
			path = UI;
			sourceTree = "<group>";
		};
		6EF8EA18261A224F009FA21B /* Shared */ = {
			isa = PBXGroup;
			children = (
				6EF8EA2C261A2E63009FA21B /* Layout */,
				6EF8EA21261A2792009FA21B /* Extensions */,
				6EC118652621B53300212203 /* Consts.swift */,
			);
			path = Shared;
			sourceTree = "<group>";
		};
		6EF8EA1C261A2639009FA21B /* Components */ = {
			isa = PBXGroup;
			children = (
				7AE1E57E2635BC7300E4E9B2 /* Controls */,
				6EC1187B2623046100212203 /* Button */,
			);
			path = Components;
			sourceTree = "<group>";
		};
		6EF8EA21261A2792009FA21B /* Extensions */ = {
			isa = PBXGroup;
			children = (
				6EF8EA22261A27F8009FA21B /* UIColor+Extension.swift */,
				6EF8EA25261A2D8C009FA21B /* UIView+Anchors.swift */,
				6E76EAFB261B95C400DCF8C9 /* UIWindow+Extension.swift */,
				6EC1187F26231E2400212203 /* Delegated.swift */,
				7AE1E56E2635821100E4E9B2 /* String+Extension.swift */,
				7A8DA45D2640794B00268578 /* UITextView+Extension.swift */,
			);
			path = Extensions;
			sourceTree = "<group>";
		};
		6EF8EA2C261A2E63009FA21B /* Layout */ = {
			isa = PBXGroup;
			children = (
				6EF8EA19261A228D009FA21B /* Layout.swift */,
				6EF8EA28261A2E38009FA21B /* ConstraintItems.swift */,
				6E76EAEF261B937500DCF8C9 /* Constrainable.swift */,
				6E76EAF3261B93D500DCF8C9 /* UILayoutPriority.swift */,
				6E76EAF7261B949A00DCF8C9 /* SafeLayoutGuide.swift */,
			);
			path = Layout;
			sourceTree = "<group>";
		};
		7A2DDC852634613A009976EF /* DayMenu */ = {
			isa = PBXGroup;
			children = (
				7A2DDC8F26346D6C009976EF /* Components */,
				7AE1E5832635CDD700E4E9B2 /* NoteTableViewCell.swift */,
				7A2DDC8626346149009976EF /* DayMenuLayout.swift */,
				7A2DDC8926346155009976EF /* DayMenuController.swift */,
				7A8DA45B26403A7700268578 /* DayMenuDelegate.swift */,
			);
			path = DayMenu;
			sourceTree = "<group>";
		};
		7A2DDC8F26346D6C009976EF /* Components */ = {
			isa = PBXGroup;
			children = (
				7AE1E5822635CDA900E4E9B2 /* Cells */,
				6EF8EA1D261A2651009FA21B /* PixelDayView.swift */,
				7A2DDC8C26346D63009976EF /* ColorInfoItem.swift */,
				7ACE6C212642FFD70051A5EB /* DottedDayView.swift */,
			);
			path = Components;
			sourceTree = "<group>";
		};
		7AE1E57E2635BC7300E4E9B2 /* Controls */ = {
			isa = PBXGroup;
			children = (
				7AE1E57F2635BC8900E4E9B2 /* KeyBoardCloser.swift */,
				6EC118852623446300212203 /* Label.swift */,
			);
			path = Controls;
			sourceTree = "<group>";
		};
		7AE1E5822635CDA900E4E9B2 /* Cells */ = {
			isa = PBXGroup;
			children = (
			);
			path = Cells;
			sourceTree = "<group>";
		};
		7AFFCA77264480CE004DA7AF /* MainMenu */ = {
			isa = PBXGroup;
			children = (
			);
			path = MainMenu;
			sourceTree = "<group>";
		};
		A9E7330A003BEFD3BEC552E2 /* Frameworks */ = {
			isa = PBXGroup;
			children = (
				51B4ABA671B44E4626CF4FBA /* Pods_PixelFlow.framework */,
			);
			name = Frameworks;
			sourceTree = "<group>";
		};
/* End PBXGroup section */

/* Begin PBXNativeTarget section */
		6EBA7500261863F600C1F18D /* PixelFlow */ = {
			isa = PBXNativeTarget;
			buildConfigurationList = 6EBA7515261863F700C1F18D /* Build configuration list for PBXNativeTarget "PixelFlow" */;
			buildPhases = (
				FAF782C191BEFF800301D938 /* [CP] Check Pods Manifest.lock */,
				6EBA74FD261863F600C1F18D /* Sources */,
				6EBA74FE261863F600C1F18D /* Frameworks */,
				6EBA74FF261863F600C1F18D /* Resources */,
				A49C01DFF2C9699BA1F60307 /* [CP] Embed Pods Frameworks */,
			);
			buildRules = (
			);
			dependencies = (
			);
			name = PixelFlow;
			productName = PixelFlow;
			productReference = 6EBA7501261863F600C1F18D /* PixelFlow.app */;
			productType = "com.apple.product-type.application";
		};
/* End PBXNativeTarget section */

/* Begin PBXProject section */
		6EBA74F9261863F600C1F18D /* Project object */ = {
			isa = PBXProject;
			attributes = {
				LastSwiftUpdateCheck = 1220;
				LastUpgradeCheck = 1220;
				TargetAttributes = {
					6EBA7500261863F600C1F18D = {
						CreatedOnToolsVersion = 12.2;
					};
				};
			};
			buildConfigurationList = 6EBA74FC261863F600C1F18D /* Build configuration list for PBXProject "PixelFlow" */;
			compatibilityVersion = "Xcode 9.3";
			developmentRegion = en;
			hasScannedForEncodings = 0;
			knownRegions = (
				en,
				ru,
				Base,
			);
			mainGroup = 6EBA74F8261863F600C1F18D;
			productRefGroup = 6EBA7502261863F600C1F18D /* Products */;
			projectDirPath = "";
			projectRoot = "";
			targets = (
				6EBA7500261863F600C1F18D /* PixelFlow */,
			);
		};
/* End PBXProject section */

/* Begin PBXResourcesBuildPhase section */
		6EBA74FF261863F600C1F18D /* Resources */ = {
			isa = PBXResourcesBuildPhase;
			buildActionMask = 2147483647;
			files = (
				7AE1E56926357A9B00E4E9B2 /* Localizable.strings in Resources */,
				6EC1188E26234B8A00212203 /* Rubik-Medium.ttf in Resources */,
				6EC1189026234B8C00212203 /* Rubik-Regular.ttf in Resources */,
				6EBA7511261863F700C1F18D /* LaunchScreen.storyboard in Resources */,
				6EBA750E261863F700C1F18D /* Assets.xcassets in Resources */,
			);
			runOnlyForDeploymentPostprocessing = 0;
		};
/* End PBXResourcesBuildPhase section */

/* Begin PBXShellScriptBuildPhase section */
		A49C01DFF2C9699BA1F60307 /* [CP] Embed Pods Frameworks */ = {
			isa = PBXShellScriptBuildPhase;
			buildActionMask = 2147483647;
			files = (
			);
			inputFileListPaths = (
				"${PODS_ROOT}/Target Support Files/Pods-PixelFlow/Pods-PixelFlow-frameworks-${CONFIGURATION}-input-files.xcfilelist",
			);
			name = "[CP] Embed Pods Frameworks";
			outputFileListPaths = (
				"${PODS_ROOT}/Target Support Files/Pods-PixelFlow/Pods-PixelFlow-frameworks-${CONFIGURATION}-output-files.xcfilelist",
			);
			runOnlyForDeploymentPostprocessing = 0;
			shellPath = /bin/sh;
			shellScript = "\"${PODS_ROOT}/Target Support Files/Pods-PixelFlow/Pods-PixelFlow-frameworks.sh\"\n";
			showEnvVarsInLog = 0;
		};
		FAF782C191BEFF800301D938 /* [CP] Check Pods Manifest.lock */ = {
			isa = PBXShellScriptBuildPhase;
			buildActionMask = 2147483647;
			files = (
			);
			inputFileListPaths = (
			);
			inputPaths = (
				"${PODS_PODFILE_DIR_PATH}/Podfile.lock",
				"${PODS_ROOT}/Manifest.lock",
			);
			name = "[CP] Check Pods Manifest.lock";
			outputFileListPaths = (
			);
			outputPaths = (
				"$(DERIVED_FILE_DIR)/Pods-PixelFlow-checkManifestLockResult.txt",
			);
			runOnlyForDeploymentPostprocessing = 0;
			shellPath = /bin/sh;
			shellScript = "diff \"${PODS_PODFILE_DIR_PATH}/Podfile.lock\" \"${PODS_ROOT}/Manifest.lock\" > /dev/null\nif [ $? != 0 ] ; then\n    # print error to STDERR\n    echo \"error: The sandbox is not in sync with the Podfile.lock. Run 'pod install' or update your CocoaPods installation.\" >&2\n    exit 1\nfi\n# This output is used by Xcode 'outputs' to avoid re-running this script phase.\necho \"SUCCESS\" > \"${SCRIPT_OUTPUT_FILE_0}\"\n";
			showEnvVarsInLog = 0;
		};
/* End PBXShellScriptBuildPhase section */

/* Begin PBXSourcesBuildPhase section */
		6EBA74FD261863F600C1F18D /* Sources */ = {
			isa = PBXSourcesBuildPhase;
			buildActionMask = 2147483647;
			files = (
				6EF8EA23261A27F8009FA21B /* UIColor+Extension.swift in Sources */,
				6EF8EA26261A2D8C009FA21B /* UIView+Anchors.swift in Sources */,
				6EC1187526222D9100212203 /* Day.swift in Sources */,
				6EBA7509261863F600C1F18D /* PixelSheetController.swift in Sources */,
				7A2DDC8D26346D63009976EF /* ColorInfoItem.swift in Sources */,
				6EC118A12623664F00212203 /* Neu.swift in Sources */,
				6EBA7505261863F600C1F18D /* AppDelegate.swift in Sources */,
				6EC1189326234E7700212203 /* UIFont+Extension.swift in Sources */,
				7AE1E5802635BC8900E4E9B2 /* KeyBoardCloser.swift in Sources */,
				6EC118862623446300212203 /* Label.swift in Sources */,
				6EC118662621B53300212203 /* Consts.swift in Sources */,
				6EF8EA1A261A228D009FA21B /* Layout.swift in Sources */,
				6E76EAF4261B93D500DCF8C9 /* UILayoutPriority.swift in Sources */,
				7A2DDC8A26346155009976EF /* DayMenuController.swift in Sources */,
				7AE1E5842635CDD700E4E9B2 /* NoteTableViewCell.swift in Sources */,
				6EC118792622FACC00212203 /* Header.swift in Sources */,
				7A8DA45C26403A7700268578 /* DayMenuDelegate.swift in Sources */,
				6EF8EA15261A1E4E009FA21B /* PixelSheetLayout.swift in Sources */,
				6EC1186E2621EEB000212203 /* PixelSheetCell.swift in Sources */,
				6E76EAF8261B949A00DCF8C9 /* SafeLayoutGuide.swift in Sources */,
				6EC1188026231E2400212203 /* Delegated.swift in Sources */,
				6EC1187D2623182000212203 /* BasicButton.swift in Sources */,
				6EF8EA29261A2E38009FA21B /* ConstraintItems.swift in Sources */,
				6EF8EA1E261A2651009FA21B /* PixelDayView.swift in Sources */,
				7A2DDC8726346149009976EF /* DayMenuLayout.swift in Sources */,
				7ACE6C222642FFD70051A5EB /* DottedDayView.swift in Sources */,
				6EC1188326233F6D00212203 /* TextButton.swift in Sources */,
				7A8DA45E2640794B00268578 /* UITextView+Extension.swift in Sources */,
				6EBA7507261863F600C1F18D /* SceneDelegate.swift in Sources */,
				6E76EAF0261B937500DCF8C9 /* Constrainable.swift in Sources */,
				7A55C594262C951B0013865E /* Year.swift in Sources */,
				6E76EAFC261B95C400DCF8C9 /* UIWindow+Extension.swift in Sources */,
				7AE1E56F2635821100E4E9B2 /* String+Extension.swift in Sources */,
				6EC11889262346C400212203 /* Button.swift in Sources */,
			);
			runOnlyForDeploymentPostprocessing = 0;
		};
/* End PBXSourcesBuildPhase section */

/* Begin PBXVariantGroup section */
		6EBA750F261863F700C1F18D /* LaunchScreen.storyboard */ = {
			isa = PBXVariantGroup;
			children = (
				7AE1E5662635799A00E4E9B2 /* ru */,
			);
			name = LaunchScreen.storyboard;
			sourceTree = "<group>";
		};
		7AE1E56B26357A9B00E4E9B2 /* Localizable.strings */ = {
			isa = PBXVariantGroup;
			children = (
				7AE1E56A26357A9B00E4E9B2 /* ru */,
				7AE1E56D26357AA000E4E9B2 /* en */,
			);
			name = Localizable.strings;
			sourceTree = "<group>";
		};
/* End PBXVariantGroup section */

/* Begin XCBuildConfiguration section */
		6EBA7513261863F700C1F18D /* Debug */ = {
			isa = XCBuildConfiguration;
			buildSettings = {
				ALWAYS_SEARCH_USER_PATHS = NO;
				CLANG_ANALYZER_LOCALIZABILITY_NONLOCALIZED = YES;
				CLANG_ANALYZER_NONNULL = YES;
				CLANG_ANALYZER_NUMBER_OBJECT_CONVERSION = YES_AGGRESSIVE;
				CLANG_CXX_LANGUAGE_STANDARD = "gnu++14";
				CLANG_CXX_LIBRARY = "libc++";
				CLANG_ENABLE_MODULES = YES;
				CLANG_ENABLE_OBJC_ARC = YES;
				CLANG_ENABLE_OBJC_WEAK = YES;
				CLANG_WARN_BLOCK_CAPTURE_AUTORELEASING = YES;
				CLANG_WARN_BOOL_CONVERSION = YES;
				CLANG_WARN_COMMA = YES;
				CLANG_WARN_CONSTANT_CONVERSION = YES;
				CLANG_WARN_DEPRECATED_OBJC_IMPLEMENTATIONS = YES;
				CLANG_WARN_DIRECT_OBJC_ISA_USAGE = YES_ERROR;
				CLANG_WARN_DOCUMENTATION_COMMENTS = YES;
				CLANG_WARN_EMPTY_BODY = YES;
				CLANG_WARN_ENUM_CONVERSION = YES;
				CLANG_WARN_INFINITE_RECURSION = YES;
				CLANG_WARN_INT_CONVERSION = YES;
				CLANG_WARN_NON_LITERAL_NULL_CONVERSION = YES;
				CLANG_WARN_OBJC_IMPLICIT_RETAIN_SELF = YES;
				CLANG_WARN_OBJC_LITERAL_CONVERSION = YES;
				CLANG_WARN_OBJC_ROOT_CLASS = YES_ERROR;
				CLANG_WARN_QUOTED_INCLUDE_IN_FRAMEWORK_HEADER = YES;
				CLANG_WARN_RANGE_LOOP_ANALYSIS = YES;
				CLANG_WARN_STRICT_PROTOTYPES = YES;
				CLANG_WARN_SUSPICIOUS_MOVE = YES;
				CLANG_WARN_UNGUARDED_AVAILABILITY = YES_AGGRESSIVE;
				CLANG_WARN_UNREACHABLE_CODE = YES;
				CLANG_WARN__DUPLICATE_METHOD_MATCH = YES;
				COPY_PHASE_STRIP = NO;
				DEBUG_INFORMATION_FORMAT = dwarf;
				ENABLE_STRICT_OBJC_MSGSEND = YES;
				ENABLE_TESTABILITY = YES;
				GCC_C_LANGUAGE_STANDARD = gnu11;
				GCC_DYNAMIC_NO_PIC = NO;
				GCC_NO_COMMON_BLOCKS = YES;
				GCC_OPTIMIZATION_LEVEL = 0;
				GCC_PREPROCESSOR_DEFINITIONS = (
					"DEBUG=1",
					"$(inherited)",
				);
				GCC_WARN_64_TO_32_BIT_CONVERSION = YES;
				GCC_WARN_ABOUT_RETURN_TYPE = YES_ERROR;
				GCC_WARN_UNDECLARED_SELECTOR = YES;
				GCC_WARN_UNINITIALIZED_AUTOS = YES_AGGRESSIVE;
				GCC_WARN_UNUSED_FUNCTION = YES;
				GCC_WARN_UNUSED_VARIABLE = YES;
				IPHONEOS_DEPLOYMENT_TARGET = 14.2;
				MTL_ENABLE_DEBUG_INFO = INCLUDE_SOURCE;
				MTL_FAST_MATH = YES;
				ONLY_ACTIVE_ARCH = YES;
				SDKROOT = iphoneos;
				SWIFT_ACTIVE_COMPILATION_CONDITIONS = DEBUG;
				SWIFT_OPTIMIZATION_LEVEL = "-Onone";
			};
			name = Debug;
		};
		6EBA7514261863F700C1F18D /* Release */ = {
			isa = XCBuildConfiguration;
			buildSettings = {
				ALWAYS_SEARCH_USER_PATHS = NO;
				CLANG_ANALYZER_LOCALIZABILITY_NONLOCALIZED = YES;
				CLANG_ANALYZER_NONNULL = YES;
				CLANG_ANALYZER_NUMBER_OBJECT_CONVERSION = YES_AGGRESSIVE;
				CLANG_CXX_LANGUAGE_STANDARD = "gnu++14";
				CLANG_CXX_LIBRARY = "libc++";
				CLANG_ENABLE_MODULES = YES;
				CLANG_ENABLE_OBJC_ARC = YES;
				CLANG_ENABLE_OBJC_WEAK = YES;
				CLANG_WARN_BLOCK_CAPTURE_AUTORELEASING = YES;
				CLANG_WARN_BOOL_CONVERSION = YES;
				CLANG_WARN_COMMA = YES;
				CLANG_WARN_CONSTANT_CONVERSION = YES;
				CLANG_WARN_DEPRECATED_OBJC_IMPLEMENTATIONS = YES;
				CLANG_WARN_DIRECT_OBJC_ISA_USAGE = YES_ERROR;
				CLANG_WARN_DOCUMENTATION_COMMENTS = YES;
				CLANG_WARN_EMPTY_BODY = YES;
				CLANG_WARN_ENUM_CONVERSION = YES;
				CLANG_WARN_INFINITE_RECURSION = YES;
				CLANG_WARN_INT_CONVERSION = YES;
				CLANG_WARN_NON_LITERAL_NULL_CONVERSION = YES;
				CLANG_WARN_OBJC_IMPLICIT_RETAIN_SELF = YES;
				CLANG_WARN_OBJC_LITERAL_CONVERSION = YES;
				CLANG_WARN_OBJC_ROOT_CLASS = YES_ERROR;
				CLANG_WARN_QUOTED_INCLUDE_IN_FRAMEWORK_HEADER = YES;
				CLANG_WARN_RANGE_LOOP_ANALYSIS = YES;
				CLANG_WARN_STRICT_PROTOTYPES = YES;
				CLANG_WARN_SUSPICIOUS_MOVE = YES;
				CLANG_WARN_UNGUARDED_AVAILABILITY = YES_AGGRESSIVE;
				CLANG_WARN_UNREACHABLE_CODE = YES;
				CLANG_WARN__DUPLICATE_METHOD_MATCH = YES;
				COPY_PHASE_STRIP = NO;
				DEBUG_INFORMATION_FORMAT = "dwarf-with-dsym";
				ENABLE_NS_ASSERTIONS = NO;
				ENABLE_STRICT_OBJC_MSGSEND = YES;
				GCC_C_LANGUAGE_STANDARD = gnu11;
				GCC_NO_COMMON_BLOCKS = YES;
				GCC_WARN_64_TO_32_BIT_CONVERSION = YES;
				GCC_WARN_ABOUT_RETURN_TYPE = YES_ERROR;
				GCC_WARN_UNDECLARED_SELECTOR = YES;
				GCC_WARN_UNINITIALIZED_AUTOS = YES_AGGRESSIVE;
				GCC_WARN_UNUSED_FUNCTION = YES;
				GCC_WARN_UNUSED_VARIABLE = YES;
				IPHONEOS_DEPLOYMENT_TARGET = 14.2;
				MTL_ENABLE_DEBUG_INFO = NO;
				MTL_FAST_MATH = YES;
				SDKROOT = iphoneos;
				SWIFT_COMPILATION_MODE = wholemodule;
				SWIFT_OPTIMIZATION_LEVEL = "-O";
				VALIDATE_PRODUCT = YES;
			};
			name = Release;
		};
		6EBA7516261863F700C1F18D /* Debug */ = {
			isa = XCBuildConfiguration;
			baseConfigurationReference = A51B7406CC81603F271AA5E5 /* Pods-PixelFlow.debug.xcconfig */;
			buildSettings = {
				ASSETCATALOG_COMPILER_APPICON_NAME = AppIcon;
				ASSETCATALOG_COMPILER_GLOBAL_ACCENT_COLOR_NAME = AccentColor;
				CODE_SIGN_STYLE = Automatic;
				DEVELOPMENT_TEAM = FWSZ5X6664;
				INFOPLIST_FILE = PixelFlow/App/Info.plist;
				IPHONEOS_DEPLOYMENT_TARGET = 13.0;
				LD_RUNPATH_SEARCH_PATHS = (
					"$(inherited)",
					"@executable_path/Frameworks",
				);
				PRODUCT_BUNDLE_IDENTIFIER = Ezinenko.Mandarin.PixelFlow;
				PRODUCT_NAME = "$(TARGET_NAME)";
				SWIFT_VERSION = 5.0;
				TARGETED_DEVICE_FAMILY = 1;
			};
			name = Debug;
		};
		6EBA7517261863F700C1F18D /* Release */ = {
			isa = XCBuildConfiguration;
			baseConfigurationReference = BC926B551DDC3B56BA60F45B /* Pods-PixelFlow.release.xcconfig */;
			buildSettings = {
				ASSETCATALOG_COMPILER_APPICON_NAME = AppIcon;
				ASSETCATALOG_COMPILER_GLOBAL_ACCENT_COLOR_NAME = AccentColor;
				CODE_SIGN_STYLE = Automatic;
				DEVELOPMENT_TEAM = FWSZ5X6664;
				INFOPLIST_FILE = PixelFlow/App/Info.plist;
				IPHONEOS_DEPLOYMENT_TARGET = 13.0;
				LD_RUNPATH_SEARCH_PATHS = (
					"$(inherited)",
					"@executable_path/Frameworks",
				);
				PRODUCT_BUNDLE_IDENTIFIER = Ezinenko.Mandarin.PixelFlow;
				PRODUCT_NAME = "$(TARGET_NAME)";
				SWIFT_VERSION = 5.0;
				TARGETED_DEVICE_FAMILY = 1;
			};
			name = Release;
		};
/* End XCBuildConfiguration section */

/* Begin XCConfigurationList section */
		6EBA74FC261863F600C1F18D /* Build configuration list for PBXProject "PixelFlow" */ = {
			isa = XCConfigurationList;
			buildConfigurations = (
				6EBA7513261863F700C1F18D /* Debug */,
				6EBA7514261863F700C1F18D /* Release */,
			);
			defaultConfigurationIsVisible = 0;
			defaultConfigurationName = Release;
		};
		6EBA7515261863F700C1F18D /* Build configuration list for PBXNativeTarget "PixelFlow" */ = {
			isa = XCConfigurationList;
			buildConfigurations = (
				6EBA7516261863F700C1F18D /* Debug */,
				6EBA7517261863F700C1F18D /* Release */,
			);
			defaultConfigurationIsVisible = 0;
			defaultConfigurationName = Release;
		};
/* End XCConfigurationList section */
	};
	rootObject = 6EBA74F9261863F600C1F18D /* Project object */;
}
